{
  "pins" : [
    {
      "identity" : "jsonrpc",
      "kind" : "remoteSourceControl",
      "location" : "https://github.com/ChimeHQ/JSONRPC",
      "state" : {
        "revision" : "c6ec759d41a76ac88fe7327c41a77d9033943374",
        "version" : "0.9.0"
      }
    },
    {
      "identity" : "languageserverprotocol",
      "kind" : "remoteSourceControl",
      "location" : "https://github.com/jayadamsmorgan/LanguageServerProtocol",
      "state" : {
        "branch" : "main",
        "revision" : "544f1d38e41d39964e59a90b81d2f0c968c3c1d7"
      }
    }
  ],
  "version" : 2
}
